
Microsoft Visual Studio Solution File, Format Version 12.00
# Visual Studio 15
VisualStudioVersion = 15.0.28010.2026
MinimumVisualStudioVersion = 10.0.40219.1
Project("{FAE04EC0-301F-11D3-BF4B-00C04F79EFBC}") = "Game_list_form", "Game_list_form\Game_list_form.csproj", "{381BFB15-8C5B-4008-99E6-D91423909BAF}"
EndProject
Global
	GlobalSection(SolutionConfigurationPlatforms) = preSolution
		Debug|Any CPU = Debug|Any CPU
		Release|Any CPU = Release|Any CPU
	EndGlobalSection
	GlobalSection(ProjectConfigurationPlatforms) = postSolution
		{381BFB15-8C5B-4008-99E6-D91423909BAF}.Debug|Any CPU.ActiveCfg = Debug|Any CPU
		{381BFB15-8C5B-4008-99E6-D91423909BAF}.Debug|Any CPU.Build.0 = Debug|Any CPU
		{381BFB15-8C5B-4008-99E6-D91423909BAF}.Release|Any CPU.ActiveCfg = Release|Any CPU
		{381BFB15-8C5B-4008-99E6-D91423909BAF}.Release|Any CPU.Build.0 = Release|Any CPU
	EndGlobalSection
	GlobalSection(SolutionProperties) = preSolution
		HideSolutionNode = FALSE
	EndGlobalSection
	GlobalSection(ExtensibilityGlobals) = postSolution
		SolutionGuid = {5B69CF1C-9AEF-4F0B-9D9B-F8A25C1030A1}
	EndGlobalSection
EndGlobal
